
Microsoft Visual Studio Solution File, Format Version 12.00
# Visual Studio Version 16
VisualStudioVersion = 16.0.31019.35
MinimumVisualStudioVersion = 10.0.40219.1
Project("{9A19103F-16F7-4668-BE54-9A1E7A4F7556}") = "CloudEngineerBankingChallenge.Api", "CloudEngineerBankingChallenge.Api\CloudEngineerBankingChallenge.Api.csproj", "{DA8E2464-FD98-436D-97E6-096D43B621B7}"
EndProject
Project("{9A19103F-16F7-4668-BE54-9A1E7A4F7556}") = "CloudEngineerBankingChallenge.Core", "CloudEngineerBankingChallenge.Core\CloudEngineerBankingChallenge.Core.csproj", "{FFB6AC40-BF30-457A-8A44-A9A17AD9175B}"
EndProject
Project("{9A19103F-16F7-4668-BE54-9A1E7A4F7556}") = "CloudEngineerBankingChallenge.Infrastructure", "CloudEngineerBankingChallenge.Infrastructure\CloudEngineerBankingChallenge.Infrastructure.csproj", "{A1084561-90CC-4C54-8EE7-424FE4A314C7}"
EndProject
Project("{FAE04EC0-301F-11D3-BF4B-00C04F79EFBC}") = "CloudEngineerBankingChallenge.Tests.EndToEnd", "CloudEngineerBankingChallenge.Tests.EndToEnd\CloudEngineerBankingChallenge.Tests.EndToEnd.csproj", "{2DAD8F17-79A3-41A2-9644-C0D8C2D52CBF}"
EndProject
Project("{FAE04EC0-301F-11D3-BF4B-00C04F79EFBC}") = "CloudEngineerBankingChallenge.Tests", "CloudEngineerBankingChallenge.Tests\CloudEngineerBankingChallenge.Tests.csproj", "{6C64A368-D6C7-4EE4-BFDE-52715F1FAF47}"
EndProject
Global
	GlobalSection(SolutionConfigurationPlatforms) = preSolution
		Debug|Any CPU = Debug|Any CPU
		Release|Any CPU = Release|Any CPU
	EndGlobalSection
	GlobalSection(ProjectConfigurationPlatforms) = postSolution
		{DA8E2464-FD98-436D-97E6-096D43B621B7}.Debug|Any CPU.ActiveCfg = Debug|Any CPU
		{DA8E2464-FD98-436D-97E6-096D43B621B7}.Debug|Any CPU.Build.0 = Debug|Any CPU
		{DA8E2464-FD98-436D-97E6-096D43B621B7}.Release|Any CPU.ActiveCfg = Release|Any CPU
		{DA8E2464-FD98-436D-97E6-096D43B621B7}.Release|Any CPU.Build.0 = Release|Any CPU
		{FFB6AC40-BF30-457A-8A44-A9A17AD9175B}.Debug|Any CPU.ActiveCfg = Debug|Any CPU
		{FFB6AC40-BF30-457A-8A44-A9A17AD9175B}.Debug|Any CPU.Build.0 = Debug|Any CPU
		{FFB6AC40-BF30-457A-8A44-A9A17AD9175B}.Release|Any CPU.ActiveCfg = Release|Any CPU
		{FFB6AC40-BF30-457A-8A44-A9A17AD9175B}.Release|Any CPU.Build.0 = Release|Any CPU
		{A1084561-90CC-4C54-8EE7-424FE4A314C7}.Debug|Any CPU.ActiveCfg = Debug|Any CPU
		{A1084561-90CC-4C54-8EE7-424FE4A314C7}.Debug|Any CPU.Build.0 = Debug|Any CPU
		{A1084561-90CC-4C54-8EE7-424FE4A314C7}.Release|Any CPU.ActiveCfg = Release|Any CPU
		{A1084561-90CC-4C54-8EE7-424FE4A314C7}.Release|Any CPU.Build.0 = Release|Any CPU
		{2DAD8F17-79A3-41A2-9644-C0D8C2D52CBF}.Debug|Any CPU.ActiveCfg = Debug|Any CPU
		{2DAD8F17-79A3-41A2-9644-C0D8C2D52CBF}.Debug|Any CPU.Build.0 = Debug|Any CPU
		{2DAD8F17-79A3-41A2-9644-C0D8C2D52CBF}.Release|Any CPU.ActiveCfg = Release|Any CPU
		{2DAD8F17-79A3-41A2-9644-C0D8C2D52CBF}.Release|Any CPU.Build.0 = Release|Any CPU
		{6C64A368-D6C7-4EE4-BFDE-52715F1FAF47}.Debug|Any CPU.ActiveCfg = Debug|Any CPU
		{6C64A368-D6C7-4EE4-BFDE-52715F1FAF47}.Debug|Any CPU.Build.0 = Debug|Any CPU
		{6C64A368-D6C7-4EE4-BFDE-52715F1FAF47}.Release|Any CPU.ActiveCfg = Release|Any CPU
		{6C64A368-D6C7-4EE4-BFDE-52715F1FAF47}.Release|Any CPU.Build.0 = Release|Any CPU
	EndGlobalSection
	GlobalSection(SolutionProperties) = preSolution
		HideSolutionNode = FALSE
	EndGlobalSection
	GlobalSection(ExtensibilityGlobals) = postSolution
		SolutionGuid = {B7CD2120-8EBE-4123-8D70-2F83C9B1B67E}
	EndGlobalSection
EndGlobal
